
Microsoft Visual Studio Solution File, Format Version 12.00
# Visual Studio Version 17
VisualStudioVersion = 17.13.35806.99
MinimumVisualStudioVersion = 10.0.40219.1
Project("{2150E333-8FDC-42A3-9474-1A3956D46DE8}") = "1.presentaciones", "1.presentaciones", "{02EA681E-C7D8-13C7-8484-4AC65E1B71E8}"
EndProject
Project("{2150E333-8FDC-42A3-9474-1A3956D46DE8}") = "2.servicios", "2.servicios", "{7FBC641B-5D94-4154-A43D-64A64CDB9864}"
EndProject
Project("{FAE04EC0-301F-11D3-BF4B-00C04F79EFBC}") = "lib_repositorios", "lib_repositorios\lib_repositorios.csproj", "{5A78800B-DDAD-48F2-A3B4-C0B468B4EE7E}"
EndProject
Project("{2150E333-8FDC-42A3-9474-1A3956D46DE8}") = "3.nucleo", "3.nucleo", "{93E524CB-3F3D-436F-8720-898507D909A4}"
EndProject
Project("{FAE04EC0-301F-11D3-BF4B-00C04F79EFBC}") = "lib_dominio", "lib_dominio\lib_dominio.csproj", "{64658147-F574-4CD4-891B-300C9705DD4B}"
EndProject
Project("{2150E333-8FDC-42A3-9474-1A3956D46DE8}") = "4.pruebas_unitarias", "4.pruebas_unitarias", "{B60AA421-DC4F-4A5E-AFE3-ED81245062D1}"
EndProject
Project("{2150E333-8FDC-42A3-9474-1A3956D46DE8}") = "Solution Items", "Solution Items", "{8EC462FD-D22E-90A8-E5CE-7E832BA40C5D}"
	ProjectSection(SolutionItems) = preProject
		secretos.json = secretos.json
	EndProjectSection
EndProject
Project("{FAE04EC0-301F-11D3-BF4B-00C04F79EFBC}") = "TestProject1", "TestProject1\TestProject1.csproj", "{136E9B9C-B22C-4F74-87BA-96B134C9C894}"
EndProject
Project("{FAE04EC0-301F-11D3-BF4B-00C04F79EFBC}") = "Lib_aplicaciones", "Lib_aplicaciones\Lib_aplicaciones.csproj", "{1D83E715-A830-4BF2-9E30-FA32716C5445}"
EndProject
Project("{FAE04EC0-301F-11D3-BF4B-00C04F79EFBC}") = "asp_servicios", "asp_servicios\asp_servicios.csproj", "{5B2B883E-AB64-4C3C-91EB-0ABF523E483A}"
EndProject
Global
	GlobalSection(SolutionConfigurationPlatforms) = preSolution
		Debug|Any CPU = Debug|Any CPU
		Release|Any CPU = Release|Any CPU
	EndGlobalSection
	GlobalSection(ProjectConfigurationPlatforms) = postSolution
		{5A78800B-DDAD-48F2-A3B4-C0B468B4EE7E}.Debug|Any CPU.ActiveCfg = Debug|Any CPU
		{5A78800B-DDAD-48F2-A3B4-C0B468B4EE7E}.Debug|Any CPU.Build.0 = Debug|Any CPU
		{5A78800B-DDAD-48F2-A3B4-C0B468B4EE7E}.Release|Any CPU.ActiveCfg = Release|Any CPU
		{5A78800B-DDAD-48F2-A3B4-C0B468B4EE7E}.Release|Any CPU.Build.0 = Release|Any CPU
		{64658147-F574-4CD4-891B-300C9705DD4B}.Debug|Any CPU.ActiveCfg = Debug|Any CPU
		{64658147-F574-4CD4-891B-300C9705DD4B}.Debug|Any CPU.Build.0 = Debug|Any CPU
		{64658147-F574-4CD4-891B-300C9705DD4B}.Release|Any CPU.ActiveCfg = Release|Any CPU
		{64658147-F574-4CD4-891B-300C9705DD4B}.Release|Any CPU.Build.0 = Release|Any CPU
		{136E9B9C-B22C-4F74-87BA-96B134C9C894}.Debug|Any CPU.ActiveCfg = Debug|Any CPU
		{136E9B9C-B22C-4F74-87BA-96B134C9C894}.Debug|Any CPU.Build.0 = Debug|Any CPU
		{136E9B9C-B22C-4F74-87BA-96B134C9C894}.Release|Any CPU.ActiveCfg = Release|Any CPU
		{136E9B9C-B22C-4F74-87BA-96B134C9C894}.Release|Any CPU.Build.0 = Release|Any CPU
		{1D83E715-A830-4BF2-9E30-FA32716C5445}.Debug|Any CPU.ActiveCfg = Debug|Any CPU
		{1D83E715-A830-4BF2-9E30-FA32716C5445}.Debug|Any CPU.Build.0 = Debug|Any CPU
		{1D83E715-A830-4BF2-9E30-FA32716C5445}.Release|Any CPU.ActiveCfg = Release|Any CPU
		{1D83E715-A830-4BF2-9E30-FA32716C5445}.Release|Any CPU.Build.0 = Release|Any CPU
		{5B2B883E-AB64-4C3C-91EB-0ABF523E483A}.Debug|Any CPU.ActiveCfg = Debug|Any CPU
		{5B2B883E-AB64-4C3C-91EB-0ABF523E483A}.Debug|Any CPU.Build.0 = Debug|Any CPU
		{5B2B883E-AB64-4C3C-91EB-0ABF523E483A}.Release|Any CPU.ActiveCfg = Release|Any CPU
		{5B2B883E-AB64-4C3C-91EB-0ABF523E483A}.Release|Any CPU.Build.0 = Release|Any CPU
	EndGlobalSection
	GlobalSection(SolutionProperties) = preSolution
		HideSolutionNode = FALSE
	EndGlobalSection
	GlobalSection(NestedProjects) = preSolution
		{5A78800B-DDAD-48F2-A3B4-C0B468B4EE7E} = {7FBC641B-5D94-4154-A43D-64A64CDB9864}
		{64658147-F574-4CD4-891B-300C9705DD4B} = {93E524CB-3F3D-436F-8720-898507D909A4}
		{136E9B9C-B22C-4F74-87BA-96B134C9C894} = {B60AA421-DC4F-4A5E-AFE3-ED81245062D1}
		{1D83E715-A830-4BF2-9E30-FA32716C5445} = {7FBC641B-5D94-4154-A43D-64A64CDB9864}
		{5B2B883E-AB64-4C3C-91EB-0ABF523E483A} = {7FBC641B-5D94-4154-A43D-64A64CDB9864}
	EndGlobalSection
	GlobalSection(ExtensibilityGlobals) = postSolution
		SolutionGuid = {003D24FF-9C8D-475A-BCE7-7E4CA03BA344}
	EndGlobalSection
EndGlobal
