
Microsoft Visual Studio Solution File, Format Version 12.00
# Visual Studio Version 17
VisualStudioVersion = 17.13.35806.99 d17.13
MinimumVisualStudioVersion = 10.0.40219.1
Project("{FAE04EC0-301F-11D3-BF4B-00C04F79EFBC}") = "hotelesRecochita", "hotelesRecochita\hotelesRecochita.csproj", "{A2DF5268-2A0D-4329-ACDF-9B593A0B6BA9}"
EndProject
Global
	GlobalSection(SolutionConfigurationPlatforms) = preSolution
		Debug|Any CPU = Debug|Any CPU
		Release|Any CPU = Release|Any CPU
	EndGlobalSection
	GlobalSection(ProjectConfigurationPlatforms) = postSolution
		{A2DF5268-2A0D-4329-ACDF-9B593A0B6BA9}.Debug|Any CPU.ActiveCfg = Debug|Any CPU
		{A2DF5268-2A0D-4329-ACDF-9B593A0B6BA9}.Debug|Any CPU.Build.0 = Debug|Any CPU
		{A2DF5268-2A0D-4329-ACDF-9B593A0B6BA9}.Release|Any CPU.ActiveCfg = Release|Any CPU
		{A2DF5268-2A0D-4329-ACDF-9B593A0B6BA9}.Release|Any CPU.Build.0 = Release|Any CPU
	EndGlobalSection
	GlobalSection(SolutionProperties) = preSolution
		HideSolutionNode = FALSE
	EndGlobalSection
	GlobalSection(ExtensibilityGlobals) = postSolution
		SolutionGuid = {003D24FF-9C8D-475A-BCE7-7E4CA03BA344}
	EndGlobalSection
EndGlobal
